codeberg.org/go-fonts/dejavu v0.4.0 h1:2yn58Vkh4CFK3ipacWUAIE3XVBGNa0y1bc95Bmfx91I=
codeberg.org/go-fonts/dejavu v0.4.0/go.mod h1:abni088lmhQJvso2Lsb7azCKzwkfcnttl6tL1UTWKzg=
codeberg.org/go-fonts/latin-modern v0.4.0 h1:vkRCc1y3whKA7iL9Ep0fSGVuJfqjix0ica9UflHORO8=
codeberg.org/go-fonts/latin-modern v0.4.0/go.mod h1:BF68mZznJ9QHn+hic9ks2DaFl4sR5YhfM6xTYaP9vNw=
codeberg.org/go-fonts/liberation v0.5.0 h1:SsKoMO1v1OZmzkG2DY+7ZkCL9U+rrWI09niOLfQ5Bo0=
codeberg.org/go-fonts/liberation v0.5.0/go.mod h1:zS/2e1354/mJ4pGzIIaEtm/59VFCFnYC7YV6YdGl5GU=
codeberg.org/go-latex/latex v0.1.0 h1:hoGO86rIbWVyjtlDLzCqZPjNykpWQ9YuTZqAzPcfL3c=
codeberg.org/go-latex/latex v0.1.0/go.mod h1:LA0q/AyWIYrqVd+A9Upkgsb+IqPcmSTKc9Dny04MHMw=
codeberg.org/go-pdf/fpdf v0.10.0 h1:u+w669foDDx5Ds43mpiiayp40Ov6sZalgcPMDBcZRd4=
codeberg.org/go-pdf/fpdf v0.10.0/go.mod h1:Y0DGRAdZ0OmnZPvjbMp/1bYxmIPxm0ws4tfoPOc4LjU=
git.sr.ht/~sbinet/cmpimg v0.1.0 h1:E0zPRk2muWuCqSKSVZIWsgtU9pjsw3eKHi8VmQeScxo=
git.sr.ht/~sbinet/cmpimg v0.1.0/go.mod h1:FU12psLbF4TfNXkKH2ZZQ29crIqoiqTZmeQ7dkp/pxE=
git.sr.ht/~sbinet/gg v0.6.0 h1:RIzgkizAk+9r7uPzf/VfbJHBMKUr0F5hRFxTUGMnt38=
git.sr.ht/~sbinet/gg v0.6.0/go.mod h1:uucygbfC9wVPQIfrmwM2et0imr8L7KQWywX0xpFMm94=
github.com/BurntSushi/toml v0.3.1/go.mod h1:xHWCNGjB5oqiDr8zfno3MHue2Ht5sIBksp03qcyfWMU=
github.com/DataDog/gostackparse v0.7.0 h1:i7dLkXHvYzHV308hnkvVGDL3BR4FWl7IsXNPz/IGQh4=
github.com/DataDog/gostackparse v0.7.0/go.mod h1:lTfqcJKqS9KnXQGnyQMCugq3u1FP6UZMfWR0aitKFMM=
github.com/ajstarks/deck v0.0.0-20200831202436-30c9fc6549a9/go.mod h1:JynElWSGnm/4RlzPXRlREEwqTHAN3T56Bv2ITsFT3gY=
github.com/ajstarks/deck/generate v0.0.0-20210309230005-c3f852c02e19/go.mod h1:T13YZdzov6OU0A1+RfKZiZN9ca6VeKdBdyDV+BY97Tk=
github.com/ajstarks/svgo v0.0.0-20211024235047-1546f124cd8b h1:slYM766cy2nI3BwyRiyQj/Ud48djTMtMebDqepE95rw=
github.com/ajstarks/svgo v0.0.0-20211024235047-1546f124cd8b/go.mod h1:1KcenG0jGWcpt8ov532z81sp/kMMUG485J2InIOyADM=
github.com/asticode/go-astikit v0.55.0 h1:jdR6djfjAF2SwtFu1hzwkenCRejzOZUREsr3xPAPHeg=
github.com/asticode/go-astikit v0.55.0/go.mod h1:fV43j20UZYfXzP9oBn33udkvCvDvCDhzjVqoLFuuYZE=
github.com/av-elier/go-decimal-to-rational v0.0.0-20250603203441-f39a07f43ff3 h1:/YU0DeJ1G3zn93Yk2ziNZdG7Q0w9KNfw/JmPNJ4IVDI=
github.com/av-elier/go-decimal-to-rational v0.0.0-20250603203441-f39a07f43ff3/go.mod h1:GnsWLsBM/Ru0k9GBU9jUFqf35G9c5/EPQfvoV4IPPzA=
github.com/campoy/embedmd v1.0.0 h1:V4kI2qTJJLf4J29RzI/MAt2c3Bl4dQSYPuflzwFH2hY=
github.com/campoy/embedmd v1.0.0/go.mod h1:oxyr9RCiSXg0M3VJ3ks0UGfp98BpSSGr0kpiX3MzVl8=
github.com/davecgh/go-spew v1.1.0/go.mod h1:J7Y8YcW2NihsgmVo/mv3lAwl/skON4iLHjSsI+c5H38=
github.com/davecgh/go-spew v1.1.1/go.mod h1:J7Y8YcW2NihsgmVo/mv3lAwl/skON4iLHjSsI+c5H38=
github.com/davecgh/go-spew v1.1.2-0.20180830191138-d8f796af33cc h1:U9qPSI2PIWSS1VwoXQT9A3Wy9MM3WgvqSxFWenqJduM=
github.com/davecgh/go-spew v1.1.2-0.20180830191138-d8f796af33cc/go.mod h1:J7Y8YcW2NihsgmVo/mv3lAwl/skON4iLHjSsI+c5H38=
github.com/dustin/go-humanize v1.0.1 h1:GzkhY7T5VNhEkwH0PVJgjz+fX1rhBrR7pRT3mDkpeCY=
github.com/dustin/go-humanize v1.0.1/go.mod h1:Mu1zIs6XwVuF/gI1OepvI0qD18qycQx+mFykh5fBlto=
github.com/facebookincubator/go-belt v0.0.0-20250308011339-62fb7027b11f h1:MlG3PjCUpnbPN0JVX8UFu2Qherr6VzWqXo4GYF3J5nI=
github.com/facebookincubator/go-belt v0.0.0-20250308011339-62fb7027b11f/go.mod h1:ATrLnViIvvcC4AbrF7g/s2MXJPfl6+MEQNCXwKOIB+M=
github.com/go-ng/container v0.0.0-20220615121757-4740bf4bbc52 h1:bE9fTM7iGaaQ/qr9ZjMLJCi9F9ViJmqmZPeLkRRO+yc=
github.com/go-ng/container v0.0.0-20220615121757-4740bf4bbc52/go.mod h1:UXfjBOEBFdN04gvAaq10RovV1tC22EskyYU4eXwHYXM=
github.com/go-ng/slices v0.0.0-20230703171042-6195d35636a2 h1:UkoycH6lT7QfBw3LqHLe6GdFRhxScvVaI7A5oiAjy5s=
github.com/go-ng/slices v0.0.0-20230703171042-6195d35636a2/go.mod h1:bVEceuoz83G4yjq9Os7lCYe+lf46uY8EFEHkxSCywvM=
github.com/go-ng/sort v0.0.0-20220617173827-2cc7cd04f7c7 h1:Ng6QMSlQSB+goG6430/Fp7O4YO2BJZXZJaldtg+7kEc=
github.com/go-ng/sort v0.0.0-20220617173827-2cc7cd04f7c7/go.mod h1:QUXmOopthsqLYJ+rAybuCf16J7qQm60TLVdQR0w1Nus=
github.com/go-ng/xatomic v0.0.0-20251124145245-9a7a1838d3aa h1:O/9FE0us7HUu6qwot7daWSttsRu8zPgYwt7Dgltcv5s=
github.com/go-ng/xatomic v0.0.0-20251124145245-9a7a1838d3aa/go.mod h1:jZgl0U3UbxNXehuuVozYdy75phfRsZ57j0qAmEWGdHg=
github.com/go-ng/xsort v0.0.0-20250330112557-d2ee7f01661c h1:HJxoDBw4gpvxB+hR8qe44GPrDbOw8q2jR5W9yr3toxo=
github.com/go-ng/xsort v0.0.0-20250330112557-d2ee7f01661c/go.mod h1:FJRei/3HqH6XVzwo61JwfpKT0rDulBRh1YOq3yWS0Cs=
github.com/golang/freetype v0.0.0-20170609003504-e2365dfdc4a0 h1:DACJavvAHhabrF08vX0COfcOBJRhZ8lUbR+ZWIs0Y5g=
github.com/golang/freetype v0.0.0-20170609003504-e2365dfdc4a0/go.mod h1:E/TSTwGwJL78qG/PmXZO1EjYhfJinVAhrmmHX6Z8B9k=
github.com/google/go-cmp v0.6.0 h1:ofyhxvXcZhMsU5ulbFiLKl/XBFqE1GSq7atu8tAmTRI=
github.com/google/go-cmp v0.6.0/go.mod h1:17dUlkBOakJ0+DkrSSNjCkIjxS6bF9zb3elmeNGIjoY=
github.com/google/uuid v1.6.0 h1:NIvaJDMOsjHA8n1jAhLSgzrAzy1Hgr+hNrb57e+94F0=
github.com/google/uuid v1.6.0/go.mod h1:TIyPZe4MgqvfeYDBFedMoGGpEw/LqOeaOT+nhxU+yHo=
github.com/huandu/go-tls v0.0.0-20200109070953-6f75fb441850/go.mod h1:WeItecBdaIdUBRb7cSMMk+rq41iFKhf6Q9mDRDpbdec=
github.com/huandu/go-tls v1.0.1 h1:vdRzdlUFlqXWy0cfy5lVvHgUf6rt8QwEA/gCOCzsDX8=
github.com/huandu/go-tls v1.0.1/go.mod h1:WeItecBdaIdUBRb7cSMMk+rq41iFKhf6Q9mDRDpbdec=
github.com/kisielk/gotool v1.0.0/go.mod h1:XhKaO+MFFWcvkIS/tQcRk01m1F5IRFswLeQ+oQHNcck=
github.com/klauspost/cpuid/v2 v2.2.10 h1:tBs3QSyvjDyFTq3uoc/9xFpCuOsJQFNPiAhYdw2skhE=
github.com/klauspost/cpuid/v2 v2.2.10/go.mod h1:hqwkgyIinND0mEev00jJYCxPNVRVXFQeu1XKlok6oO0=
github.com/lmpizarro/go_ehlers_indicators v0.0.0-20220405041400-fd6ced57cf1a h1:soSZGrLRCLl5udRX9oLsIM0cqdOl5yXyoYfv7fL//ec=
github.com/lmpizarro/go_ehlers_indicators v0.0.0-20220405041400-fd6ced57cf1a/go.mod h1:F+ROpOG6ohYN+FytbQh0q81cW/KvUz2WKNT5VJtmFOw=
github.com/montanaflynn/stats v0.6.6 h1:Duep6KMIDpY4Yo11iFsvyqJDyfzLF9+sndUKT+v64GQ=
github.com/montanaflynn/stats v0.6.6/go.mod h1:etXPPgVO6n31NxCd9KQUMvCM+ve0ruNzt6R8Bnaayow=
github.com/phuslu/goid v1.0.1/go.mod h1:txc2fUIdrdnn+v9Vq+QpiPQ3dnrXEchjoVDgic+r+L0=
github.com/phuslu/goid v1.0.2 h1:NfPgJ5gJoAhQYCSp6DTbnPvHQYjPBjTyFiBeNu3jvMw=
github.com/phuslu/goid v1.0.2/go.mod h1:txc2fUIdrdnn+v9Vq+QpiPQ3dnrXEchjoVDgic+r+L0=
github.com/pmezard/go-difflib v1.0.0/go.mod h1:iKH77koFhYxTK1pcRnkKkqfTogsbg7gZNVY4sRDYZ/4=
github.com/pmezard/go-difflib v1.0.1-0.20181226105442-5d4384ee4fb2 h1:Jamvg5psRIccs7FGNTlIRMkT8wgtp5eCXdBlqhYGL6U=
github.com/pmezard/go-difflib v1.0.1-0.20181226105442-5d4384ee4fb2/go.mod h1:iKH77koFhYxTK1pcRnkKkqfTogsbg7gZNVY4sRDYZ/4=
github.com/samber/lo v1.52.0 h1:Rvi+3BFHES3A8meP33VPAxiBZX/Aws5RxrschYGjomw=
github.com/samber/lo v1.52.0/go.mod h1:4+MXEGsJzbKGaUEQFKBq2xtfuznW9oz/WrgyzMzRoM0=
github.com/sirupsen/logrus v1.9.3 h1:dueUQJ1C2q9oE3F7wvmSGAaVtTmUizReu6fjN8uqzbQ=
github.com/sirupsen/logrus v1.9.3/go.mod h1:naHLuLoDiP4jHNo9R0sCBMtWGeIprob74mVsIT4qYEQ=
github.com/spf13/pflag v1.0.6 h1:jFzHGLGAlb3ruxLB8MhbI6A8+AQX/2eW4qeyNZXNp2o=
github.com/spf13/pflag v1.0.6/go.mod h1:McXfInJRrz4CZXVZOBLb0bTZqETkiAhM9Iw0y3An2Bg=
github.com/stretchr/objx v0.1.0/go.mod h1:HFkY916IF+rwdDfMAkV7OtwuqBVzrE8GR6GFx+wExME=
github.com/stretchr/testify v1.5.1/go.mod h1:5W2xD1RspED5o8YsWQXVCued0rvSQ+mT+I5cxcmMvtA=
github.com/stretchr/testify v1.7.0/go.mod h1:6Fq8oRcR53rry900zMqJjRRixrwX3KX962/h/Wwjteg=
github.com/stretchr/testify v1.11.0 h1:ib4sjIrwZKxE5u/Japgo/7SJV3PvgjGiRNAvTVGqQl8=
github.com/stretchr/testify v1.11.0/go.mod h1:wZwfW3scLgRK+23gO65QZefKpKQRnfz6sD981Nm4B6U=
github.com/tidwall/gjson v1.18.0 h1:FIDeeyB800efLX89e5a8Y0BNH+LOngJyGrIWxG2FKQY=
github.com/tidwall/gjson v1.18.0/go.mod h1:/wbyibRr2FHMks5tjHJ5F8dMZh3AcwJEMf5vlfC0lxk=
github.com/tidwall/match v1.1.1 h1:+Ho715JplO36QYgwN9PGYNhgZvoUSc9X2c80KVTi+GA=
github.com/tidwall/match v1.1.1/go.mod h1:eRSPERbgtNPcGhD8UCthc6PmLEQXEWd3PRB5JTxsfmM=
github.com/tidwall/pretty v1.2.0/go.mod h1:ITEVvHYasfjBbM0u2Pg8T2nJnzm8xPwvNhhsoaGGjNU=
github.com/tidwall/pretty v1.2.1 h1:qjsOFOWWQl+N3RsoF5/ssm1pHmJJwhjlSbZ51I6wMl4=
github.com/tidwall/pretty v1.2.1/go.mod h1:ITEVvHYasfjBbM0u2Pg8T2nJnzm8xPwvNhhsoaGGjNU=
github.com/xaionaro-go/androidetc v0.0.0-20250824193302-b7ecebb3b825 h1:4f2P9/JASUXx2GWhQ6wyGlwOtr+nIfM6PUq9wTHqHmM=
github.com/xaionaro-go/androidetc v0.0.0-20250824193302-b7ecebb3b825/go.mod h1:IvRt8Hto32EGtBEf7A94HVxiYEt7hGXLWabjdnUYmAE=
github.com/xaionaro-go/astiav v0.0.0-20251213191451-08d78322abe4 h1:s9nQJd9HwGXvXoEd7aKUnbWWNUB0mGNv5jeCKIawAhU=
github.com/xaionaro-go/astiav v0.0.0-20251213191451-08d78322abe4/go.mod h1:txVrlvD3ErCtyacQ6WBMarn9+oD1V8vk33dWmVCGQhM=
github.com/xaionaro-go/audio v0.0.0-20250426140416-6a9b3f1c8737 h1:82T1ghLMySGzft1c11Go+GtSQI67Ixk6Mq+nZ52CnnI=
github.com/xaionaro-go/audio v0.0.0-20250426140416-6a9b3f1c8737/go.mod h1:m1JTs/Kqw+iPlQ081sfXA2JPBIylezwe5c3w//oV3Gs=
github.com/xaionaro-go/avcommon v0.0.0-20250823173020-6a2bb1e1f59d h1:++uR850Cqo5qXGTfAq60p2sIfq7oSYK0x0KoKL8B9Ts=
github.com/xaionaro-go/avcommon v0.0.0-20250823173020-6a2bb1e1f59d/go.mod h1:kjLo1LasgdDJqbTGD5bbEM+D6RiZSbf5ZT8yiPFF1BA=
github.com/xaionaro-go/avmediacodec v0.0.0-20250505012527-c819676502d8 h1:FZn9+TN3uHhohfpanWkR9lFNHApizznZbML6XjvEgTU=
github.com/xaionaro-go/avmediacodec v0.0.0-20250505012527-c819676502d8/go.mod h1:2W2Kp/HJFXcFBppQ4YytgDy/ydFL3hGc23xSB1U/Luc=
github.com/xaionaro-go/avpipeline v0.0.0-20251213192556-0e8641193667 h1:AkHZ8UahZfxZkHqTmKdg20S/rd1aHcwqiUyVJpiDt8o=
github.com/xaionaro-go/avpipeline v0.0.0-20251213192556-0e8641193667/go.mod h1:CT0RYVs9ofO6h1Bs1o5o98uXj3Y79Q7TX5UZkYFk1Es=
github.com/xaionaro-go/gorex v0.0.0-20241010205749-bcd59d639c4d h1:9DyH0lboWWzKUwiqGmp9sTZ3bSPhgJHiiWgV+hqY9Uo=
github.com/xaionaro-go/gorex v0.0.0-20241010205749-bcd59d639c4d/go.mod h1:yI0EvHC6Ir5WIZp3tEk7o42/QqeTb9pkII+T8p4FlPo=
github.com/xaionaro-go/libsrt v0.0.0-20250505013920-61d894a3b7e9 h1:z5K1pa9cJZ2oqFNWyyxrxO/50Hv4Gn+1kkfXTHkoKNM=
github.com/xaionaro-go/libsrt v0.0.0-20250505013920-61d894a3b7e9/go.mod h1:yH5w7hdIyhbR4p0WfABH9fLIIK2ZwPd5CKk2K2ND/vo=
github.com/xaionaro-go/logrustash v0.0.0-20240804141650-d48034780a5f h1:mMrVrYtH9MyCUzBwPvuEntvqdCJ0zifCfqV6bHU6z1M=
github.com/xaionaro-go/logrustash v0.0.0-20240804141650-d48034780a5f/go.mod h1:aszOZHoPPSgKwdbJUgonps3MSODqctkNhwQDDwlw0Eg=
github.com/xaionaro-go/ndk v0.0.0-20250420195304-361bb98583bf h1:0FaC9qSWDXeKiZbfNI2agR7Vjait42RVsVQJ0AkNE7g=
github.com/xaionaro-go/ndk v0.0.0-20250420195304-361bb98583bf/go.mod h1:W8O/bfrWU9qp2okQxMGyXvEbtC79wnTtJV2Y7K3oUPQ=
github.com/xaionaro-go/object v0.0.0-20241026212449-753ce10ec94c h1:2CIIxTRox9auImHyfbfrqSyrvPaWrw5w2Yw5TkOioZw=
github.com/xaionaro-go/object v0.0.0-20241026212449-753ce10ec94c/go.mod h1:vRcA12NWsR0IrS75eqnPBs5aVfCYmJy4bR+6DbJpBCg=
github.com/xaionaro-go/observability v0.0.0-20250622130956-24b7017284e4 h1:dlsJ1l9WI+LTpB5z4f7FCLLrxJ7uV4tj9jWNqpibhA0=
github.com/xaionaro-go/observability v0.0.0-20250622130956-24b7017284e4/go.mod h1:GkNC0+nPJMOzotTzJVlH4+DvDg9cKrV9qqOe+8/kVw4=
github.com/xaionaro-go/polyjson v0.0.0-20250825191950-a2ce35ee07f0 h1:A9e4gLgPzz2wXenOcFSTJvANQ233MmNEYyqCPZskdZs=
github.com/xaionaro-go/polyjson v0.0.0-20250825191950-a2ce35ee07f0/go.mod h1:EoG1MMmwxOdpsreNAUZLNFGgfImL3eXXKDwFapRoM+k=
github.com/xaionaro-go/proxy v0.0.0-20250525144747-579f5a891c15 h1:Qqoy9MDWq2Yh6uazAqQDzqU0doalTL3tRjNCo7X7GXA=
github.com/xaionaro-go/proxy v0.0.0-20250525144747-579f5a891c15/go.mod h1:6kxHtLmOImv/zwXSvaI1CW9Q8Pw+m5b891ZoejMKHPA=
github.com/xaionaro-go/rpn v0.0.0-20250818130635-1419b5218722 h1:/vM4t4pLV3ksaOxiRhqbhLkdjsdjCWqqtvvttfNrUjY=
github.com/xaionaro-go/rpn v0.0.0-20250818130635-1419b5218722/go.mod h1:v0s9YvLb4Wy7lAdsNL584t5QEPz/U2pzNWgq4B3Sdlg=
github.com/xaionaro-go/secret v0.0.0-20250111141743-ced12e1082c2 h1:QHpTWfyfmz65cE0MtFXe9fScdi+X0VIYR2wgolSYEUk=
github.com/xaionaro-go/secret v0.0.0-20250111141743-ced12e1082c2/go.mod h1:XKoHGZ4VKMbVBl8VotLIoWQdrB6Q7jnR++RbkiegZFU=
github.com/xaionaro-go/sockopt v0.0.0-20250823181757-5c02c9cd7b51 h1:ZeRN8OK3k+txztuH9nOaAWktDnDjye26DleTm9GPEqg=
github.com/xaionaro-go/sockopt v0.0.0-20250823181757-5c02c9cd7b51/go.mod h1:CqilA8ZWT91g8OUBwHE0JTIklhtB77lBrgTM7HlKYo4=
github.com/xaionaro-go/spinlock v0.0.0-20190309154744-55278e21e817/go.mod h1:Nb/15eS0BMty6TMuWgRQM8WCDIUlyPZagcpchHT6c9Y=
github.com/xaionaro-go/spinlock v0.0.0-20200518175509-30e6d1ce68a1 h1:1Kqw9dv2LnznIhJoMt3dNzc/ctSj6VHjyGh4YZHjpE4=
github.com/xaionaro-go/spinlock v0.0.0-20200518175509-30e6d1ce68a1/go.mod h1:UwmTXX+EpoEYHuy0rSys1Rp5PW+eVTgZSjgMVLJENKg=
github.com/xaionaro-go/typing v0.0.0-20221123235249-2229101d38ba h1:wuSIPuGbTeFkv/KSllbIZ511LFam95Y2xpKOq2As6oU=
github.com/xaionaro-go/typing v0.0.0-20221123235249-2229101d38ba/go.mod h1:6wJwFezlmN6Lk38K3eNzGUZ4MmHHzgTAIepvldyiprY=
github.com/xaionaro-go/unsafetools v0.0.0-20241024014258-a46e1ce3763e h1:FV+/FVPYOncsNNqtlMvqRDrsQznArX0lO0PkFifixDs=
github.com/xaionaro-go/unsafetools v0.0.0-20241024014258-a46e1ce3763e/go.mod h1:ERewyGVM0zYnWA9nxdHPIC3xc9Yrf5CgAnBITuP3FRE=
github.com/xaionaro-go/xcontext v0.0.0-20250111150717-e70e1f5b299c h1://sE/WLpO7wpcVsp1FfTNAG9JmL60KfXiogNVKYivTA=
github.com/xaionaro-go/xcontext v0.0.0-20250111150717-e70e1f5b299c/go.mod h1:MGRT1+2m2adVRc4aAn0RVGysjsSRKN9VCyBJLHvQd4k=
github.com/xaionaro-go/xsync v0.0.0-20250928140805-f801683b71ba h1:eRxxULTIaR7PSHMrj4yRDZd1trSZSDl4hcxRxzd+AJg=
github.com/xaionaro-go/xsync v0.0.0-20250928140805-f801683b71ba/go.mod h1:FCpywNAl4a4hgzE8j7Z+TpdhBQi5WHxnI35jOrFpoQw=
github.com/yuin/goldmark v1.2.1/go.mod h1:3hX8gzYuyVAZsxl0MRgGTJEmQBFcNTphYh9decYSb74=
gocv.io/x/gocv v0.41.0 h1:KM+zRXUP28b6dHfhy+4JxDODbCNQNtLg8kio+YE7TqA=
gocv.io/x/gocv v0.41.0/go.mod h1:zYdWMj29WAEznM3Y8NsU3A0TRq/wR/cy75jeUypThqU=
golang.org/x/crypto v0.0.0-20190308221718-c2843e01d9a2/go.mod h1:djNgcEr1/C05ACkg1iLfiJU5Ep61QUkGW8qpdssI0+w=
golang.org/x/crypto v0.0.0-20191011191535-87dc89f01550/go.mod h1:yigFU9vqHzYiE8UmvKecakEJjdnWj3jj499lnFckfCI=
golang.org/x/crypto v0.0.0-20200622213623-75b288015ac9/go.mod h1:LzIPMQfyMNhhGPhUkYOs5KpL4U8rLKemX1yGLhDgUto=
golang.org/x/crypto v0.45.0 h1:jMBrvKuj23MTlT0bQEOBcAE0mjg8mK9RXFhRH6nyF3Q=
golang.org/x/crypto v0.45.0/go.mod h1:XTGrrkGJve7CYK7J8PEww4aY7gM3qMCElcJQ8n8JdX4=
golang.org/x/exp v0.0.0-20250813145105-42675adae3e6 h1:SbTAbRFnd5kjQXbczszQ0hdk3ctwYf3qBNH9jIsGclE=
golang.org/x/exp v0.0.0-20250813145105-42675adae3e6/go.mod h1:4QTo5u+SEIbbKW1RacMZq1YEfOBqeXa19JeshGi+zc4=
golang.org/x/image v0.27.0 h1:C8gA4oWU/tKkdCfYT6T2u4faJu3MeNS5O8UPWlPF61w=
golang.org/x/image v0.27.0/go.mod h1:xbdrClrAUway1MUTEZDq9mz/UpRwYAkFFNUslZtcB+g=
golang.org/x/mod v0.3.0/go.mod h1:s0Qsj1ACt9ePp/hMypM3fl4fZqREWJwdYDEqhRiZZUA=
golang.org/x/net v0.0.0-20190404232315-eb5bcb51f2a3/go.mod h1:t9HGtf8HONx5eT2rtn7q6eTqICYqUVnKs3thJo3Qplg=
golang.org/x/net v0.0.0-20190620200207-3b0461eec859/go.mod h1:z5CRVTTTmAJ677TzLLGU+0bjPO0LkuOLi4/5GtJWs/s=
golang.org/x/net v0.0.0-20201021035429-f5854403a974/go.mod h1:sp8m0HH+o8qH0wwXwYZr8TS3Oi6o0r6Gce1SSxlDquU=
golang.org/x/oauth2 v0.30.0 h1:dnDm7JmhM45NNpd8FDDeLhK6FwqbOf4MLCM9zb1BOHI=
golang.org/x/oauth2 v0.30.0/go.mod h1:B++QgG3ZKulg6sRPGD/mqlHQs5rB3Ml9erfeDY7xKlU=
golang.org/x/sync v0.0.0-20190423024810-112230192c58/go.mod h1:RxMgew5VJxzue5/jJTE5uejpjVlOe/izrB70Jof72aM=
golang.org/x/sync v0.0.0-20201020160332-67f06af15bc9/go.mod h1:RxMgew5VJxzue5/jJTE5uejpjVlOe/izrB70Jof72aM=
golang.org/x/sys v0.0.0-20190215142949-d0b11bdaac8a/go.mod h1:STP8DvDyc/dI5b8T5hshtkjS+E42TnysNCUPdjciGhY=
golang.org/x/sys v0.0.0-20190412213103-97732733099d/go.mod h1:h1NjWce9XRLGQEsW7wpKNCjG9DtNlClVuFLEZdDNbEs=
golang.org/x/sys v0.0.0-20200107162124-548cf772de50/go.mod h1:h1NjWce9XRLGQEsW7wpKNCjG9DtNlClVuFLEZdDNbEs=
golang.org/x/sys v0.0.0-20200930185726-fdedc70b468f/go.mod h1:h1NjWce9XRLGQEsW7wpKNCjG9DtNlClVuFLEZdDNbEs=
golang.org/x/sys v0.0.0-20210119212857-b64e53b001e4/go.mod h1:h1NjWce9XRLGQEsW7wpKNCjG9DtNlClVuFLEZdDNbEs=
golang.org/x/sys v0.0.0-20220715151400-c0bba94af5f8/go.mod h1:oPkhp1MJrh7nUepCBck5+mAzfO9JrbApNNgaTdGDITg=
golang.org/x/sys v0.38.0 h1:3yZWxaJjBmCWXqhN1qh02AkOnCQ1poK6oF+a7xWL6Gc=
golang.org/x/sys v0.38.0/go.mod h1:OgkHotnGiDImocRcuBABYBEXf8A9a87e/uXjp9XT3ks=
golang.org/x/text v0.3.0/go.mod h1:NqM8EUOU14njkJ3fqMW+pc6Ldnwhi/IjpwHt7yyuwOQ=
golang.org/x/text v0.3.3/go.mod h1:5Zoc/QRtKVWzQhOtBMvqHzDpF6irO9z98xDceosuGiQ=
golang.org/x/text v0.31.0 h1:aC8ghyu4JhP8VojJ2lEHBnochRno1sgL6nEi9WGFGMM=
golang.org/x/text v0.31.0/go.mod h1:tKRAlv61yKIjGGHX/4tP1LTbc13YSec1pxVEWXzfoeM=
golang.org/x/tools v0.0.0-20180917221912-90fa682c2a6e/go.mod h1:n7NCudcB/nEzxVGmLbDWY5pfWTLqBcC2KZ6jyYvM4mQ=
golang.org/x/tools v0.0.0-20191119224855-298f0cb1881e/go.mod h1:b+2E5dAYhXwXZwtnZ6UAqBI28+e2cm9otk0dWdXHAEo=
golang.org/x/tools v0.1.0/go.mod h1:xkSsbof2nBLbhDlRMhhhyNLN/zl3eTqcnHD5viDpcZ0=
golang.org/x/xerrors v0.0.0-20190717185122-a985d3407aa7/go.mod h1:I/5z698sn9Ka8TeJc9MKroUUfqBBauWjQqLJ2OPfmY0=
golang.org/x/xerrors v0.0.0-20191011141410-1b5146add898/go.mod h1:I/5z698sn9Ka8TeJc9MKroUUfqBBauWjQqLJ2OPfmY0=
golang.org/x/xerrors v0.0.0-20200804184101-5ec99f83aff1/go.mod h1:I/5z698sn9Ka8TeJc9MKroUUfqBBauWjQqLJ2OPfmY0=
gonum.org/v1/gonum v0.16.0 h1:5+ul4Swaf3ESvrOnidPp4GZbzf0mxVQpDCYUQE7OJfk=
gonum.org/v1/gonum v0.16.0/go.mod h1:fef3am4MQ93R2HHpKnLk4/Tbh/s0+wqD5nfa6Pnwy4E=
gonum.org/v1/plot v0.16.0 h1:dK28Qx/Ky4VmPUN/2zeW0ELyM6ucDnBAj5yun7M9n1g=
gonum.org/v1/plot v0.16.0/go.mod h1:Xz6U1yDMi6Ni6aaXILqmVIb6Vro8E+K7Q/GeeH+Pn0c=
google.golang.org/protobuf v1.36.5 h1:tPhr+woSbjfYvY6/GPufUoYizxw1cF/yFoxJ2fmpwlM=
google.golang.org/protobuf v1.36.5/go.mod h1:9fA7Ob0pmnwhb644+1+CVWFRbNajQ6iRojtC/QF5bRE=
gopkg.in/check.v1 v0.0.0-20161208181325-20d25e280405/go.mod h1:Co6ibVJAznAaIkqp8huTwlJQCZ016jof/cbN4VW5Yz0=
gopkg.in/yaml.v2 v2.2.2/go.mod h1:hI93XBmqTisBFMUTm0b8Fm+jr3Dg1NNxqwp+5A1VGuI=
gopkg.in/yaml.v3 v3.0.0-20200313102051-9f266ea9e77c/go.mod h1:K4uyk7z7BCEPqu6E+C64Yfv1cQ7kz7rIZviUmN+EgEM=
gopkg.in/yaml.v3 v3.0.1 h1:fxVm/GzAzEWqLHuvctI91KS9hhNmmWOoWu0XTYJS7CA=
gopkg.in/yaml.v3 v3.0.1/go.mod h1:K4uyk7z7BCEPqu6E+C64Yfv1cQ7kz7rIZviUmN+EgEM=
honnef.co/go/tools v0.1.3/go.mod h1:NgwopIslSNH47DimFoV78dnkksY2EFtX0ajyb3K/las=
lukechampine.com/blake3 v1.4.0 h1:xDbKOZCVbnZsfzM6mHSYcGRHZ3YrLDzqz8XnV4uaD5w=
lukechampine.com/blake3 v1.4.0/go.mod h1:MQJNQCTnR+kwOP/JEZSxj3MaQjp80FOFSNMMHXcSeX0=
rsc.io/pdf v0.1.1 h1:k1MczvYDUvJBe93bYd7wrZLLUEcLZAuF824/I4e5Xr4=
rsc.io/pdf v0.1.1/go.mod h1:n8OzWcQ6Sp37PL01nO98y4iUCRdTGarVfzxY20ICaU4=
tailscale.com v1.86.5 h1:yBtWFjuLYDmxVnfnvPbZNZcKADCYgNfMd0rUAOA9XCs=
tailscale.com v1.86.5/go.mod h1:Lm8dnzU2i/Emw15r6sl3FRNp/liSQ/nYw6ZSQvIdZ1M=
